
Microsoft Visual Studio Solution File, Format Version 12.00
# Visual Studio Version 17
VisualStudioVersion = 17.14.36414.22 d17.14
MinimumVisualStudioVersion = 10.0.40219.1
Project("{FAE04EC0-301F-11D3-BF4B-00C04F79EFBC}") = "Abarrotes.Api", "Abarrotes.Api\Abarrotes.Api.csproj", "{2FE1B085-98B5-4300-8147-D8A236A96699}"
EndProject
Global
	GlobalSection(SolutionConfigurationPlatforms) = preSolution
		Debug|Any CPU = Debug|Any CPU
		Release|Any CPU = Release|Any CPU
	EndGlobalSection
	GlobalSection(ProjectConfigurationPlatforms) = postSolution
		{2FE1B085-98B5-4300-8147-D8A236A96699}.Debug|Any CPU.ActiveCfg = Debug|Any CPU
		{2FE1B085-98B5-4300-8147-D8A236A96699}.Debug|Any CPU.Build.0 = Debug|Any CPU
		{2FE1B085-98B5-4300-8147-D8A236A96699}.Release|Any CPU.ActiveCfg = Release|Any CPU
		{2FE1B085-98B5-4300-8147-D8A236A96699}.Release|Any CPU.Build.0 = Release|Any CPU
	EndGlobalSection
	GlobalSection(SolutionProperties) = preSolution
		HideSolutionNode = FALSE
	EndGlobalSection
	GlobalSection(ExtensibilityGlobals) = postSolution
		SolutionGuid = {BE071A3C-879E-47B1-9E7F-05877B1F9E86}
	EndGlobalSection
EndGlobal
